
Microsoft Visual Studio Solution File, Format Version 12.00
# Visual Studio Version 17
VisualStudioVersion = 17.5.33530.505
MinimumVisualStudioVersion = 10.0.40219.1
Project("{FAE04EC0-301F-11D3-BF4B-00C04F79EFBC}") = "CharacterManager", "CharacterManager.csproj", "{3D1103A4-8E50-4209-BD22-87A84124D93B}"
EndProject
Global
	GlobalSection(SolutionConfigurationPlatforms) = preSolution
		Debug|Any CPU = Debug|Any CPU
		Release|Any CPU = Release|Any CPU
	EndGlobalSection
	GlobalSection(ProjectConfigurationPlatforms) = postSolution
		{3D1103A4-8E50-4209-BD22-87A84124D93B}.Debug|Any CPU.ActiveCfg = Debug|Any CPU
		{3D1103A4-8E50-4209-BD22-87A84124D93B}.Debug|Any CPU.Build.0 = Debug|Any CPU
		{3D1103A4-8E50-4209-BD22-87A84124D93B}.Release|Any CPU.ActiveCfg = Release|Any CPU
		{3D1103A4-8E50-4209-BD22-87A84124D93B}.Release|Any CPU.Build.0 = Release|Any CPU
	EndGlobalSection
	GlobalSection(SolutionProperties) = preSolution
		HideSolutionNode = FALSE
	EndGlobalSection
	GlobalSection(ExtensibilityGlobals) = postSolution
		SolutionGuid = {2C9695B8-DBDF-4D7F-8370-E68C17D07B5D}
	EndGlobalSection
EndGlobal
